{
  "requires": true,
  "lockfileVersion": 1,
  "dependencies": {
    "@simonwep/pickr": {
      "version": "1.7.4",
      "resolved": "https://registry.npmjs.org/@simonwep/pickr/-/pickr-1.7.4.tgz",
      "integrity": "sha512-fq7jgKJT21uWGC1mARBHvvd1JYlEf93o7SuVOB4Lr0x/2UPuNC9Oe9n/GzVeg4oVtqMDfh1wIEJpsdOJEZb+3g==",
      "requires": {
        "core-js": "^3.6.5",
        "nanopop": "^2.1.0"
      }
    },
    "core-js": {
      "version": "3.6.5",
      "resolved": "https://registry.npmjs.org/core-js/-/core-js-3.6.5.tgz",
      "integrity": "sha512-vZVEEwZoIsI+vPEuoF9Iqf5H7/M3eeQqWlQnYa8FSKKePuYTf5MWnxb5SDAzCa60b3JBRS5g9b+Dq7b1y/RCrA=="
    },
    "nanopop": {
      "version": "2.1.0",
      "resolved": "https://registry.npmjs.org/nanopop/-/nanopop-2.1.0.tgz",
      "integrity": "sha512-jGTwpFRexSH+fxappnGQtN9dspgE2ipa1aOjtR24igG0pv6JCxImIAmrLRHX+zUF5+1wtsFVbKyfP51kIGAVNw=="
    }
  }
}
